// !$*UTF8*$!
{
	archiveVersion = 1;
	classes = {
	};
	objectVersion = 51;
	objects = {

/* Begin PBXBuildFile section */
		369794DA2E32C6D3227E72CA /* Pods_RxPractice_RxPracticeUITests.framework in Frameworks */ = {isa = PBXBuildFile; fileRef = 20DEF8580E0B0E83521BB8CC /* Pods_RxPractice_RxPracticeUITests.framework */; };
		769F15FED8B434733FADAD64 /* Pods_RxPracticeTests.framework in Frameworks */ = {isa = PBXBuildFile; fileRef = 7688534B635B67E3E56B38A7 /* Pods_RxPracticeTests.framework */; };
		BB7BA84A152925E9916D644C /* Pods_RxPractice.framework in Frameworks */ = {isa = PBXBuildFile; fileRef = D669F2139D7288E3E2338488 /* Pods_RxPractice.framework */; };
		F6997067257759E10082C250 /* AppDelegate.swift in Sources */ = {isa = PBXBuildFile; fileRef = F6997066257759E10082C250 /* AppDelegate.swift */; };
		F6997069257759E10082C250 /* SceneDelegate.swift in Sources */ = {isa = PBXBuildFile; fileRef = F6997068257759E10082C250 /* SceneDelegate.swift */; };
		F699706B257759E10082C250 /* ViewController.swift in Sources */ = {isa = PBXBuildFile; fileRef = F699706A257759E10082C250 /* ViewController.swift */; };
		F699706E257759E10082C250 /* Main.storyboard in Resources */ = {isa = PBXBuildFile; fileRef = F699706C257759E10082C250 /* Main.storyboard */; };
		F6997070257759E20082C250 /* Assets.xcassets in Resources */ = {isa = PBXBuildFile; fileRef = F699706F257759E20082C250 /* Assets.xcassets */; };
		F6997073257759E20082C250 /* LaunchScreen.storyboard in Resources */ = {isa = PBXBuildFile; fileRef = F6997071257759E20082C250 /* LaunchScreen.storyboard */; };
		F699707E257759E30082C250 /* RxPracticeTests.swift in Sources */ = {isa = PBXBuildFile; fileRef = F699707D257759E30082C250 /* RxPracticeTests.swift */; };
		F6997089257759E30082C250 /* RxPracticeUITests.swift in Sources */ = {isa = PBXBuildFile; fileRef = F6997088257759E30082C250 /* RxPracticeUITests.swift */; };
		F69970C025775C3E0082C250 /* TF_ButtonView.swift in Sources */ = {isa = PBXBuildFile; fileRef = F69970BF25775C3E0082C250 /* TF_ButtonView.swift */; };
		F69970C125775C3E0082C250 /* TF_ButtonView.swift in Sources */ = {isa = PBXBuildFile; fileRef = F69970BF25775C3E0082C250 /* TF_ButtonView.swift */; };
		F69970C225775C3E0082C250 /* TF_ButtonView.swift in Sources */ = {isa = PBXBuildFile; fileRef = F69970BF25775C3E0082C250 /* TF_ButtonView.swift */; };
		F69970CA25775C500082C250 /* TF_ButtonView.xib in Resources */ = {isa = PBXBuildFile; fileRef = F69970C925775C500082C250 /* TF_ButtonView.xib */; };
		F69970CB25775C500082C250 /* TF_ButtonView.xib in Resources */ = {isa = PBXBuildFile; fileRef = F69970C925775C500082C250 /* TF_ButtonView.xib */; };
		F69970CC25775C500082C250 /* TF_ButtonView.xib in Resources */ = {isa = PBXBuildFile; fileRef = F69970C925775C500082C250 /* TF_ButtonView.xib */; };
		F69970D125775C670082C250 /* NibLoadable.swift in Sources */ = {isa = PBXBuildFile; fileRef = F69970D025775C670082C250 /* NibLoadable.swift */; };
		F69970D225775C670082C250 /* NibLoadable.swift in Sources */ = {isa = PBXBuildFile; fileRef = F69970D025775C670082C250 /* NibLoadable.swift */; };
		F69970D325775C670082C250 /* NibLoadable.swift in Sources */ = {isa = PBXBuildFile; fileRef = F69970D025775C670082C250 /* NibLoadable.swift */; };
		F69970D925775E5B0082C250 /* TF_Btn_LBViewController.swift in Sources */ = {isa = PBXBuildFile; fileRef = F69970D725775E5B0082C250 /* TF_Btn_LBViewController.swift */; };
		F69970DA25775E5B0082C250 /* TF_Btn_LBViewController.swift in Sources */ = {isa = PBXBuildFile; fileRef = F69970D725775E5B0082C250 /* TF_Btn_LBViewController.swift */; };
		F69970DB25775E5B0082C250 /* TF_Btn_LBViewController.swift in Sources */ = {isa = PBXBuildFile; fileRef = F69970D725775E5B0082C250 /* TF_Btn_LBViewController.swift */; };
		F69970DC25775E5B0082C250 /* TF_Btn_LBViewController.xib in Resources */ = {isa = PBXBuildFile; fileRef = F69970D825775E5B0082C250 /* TF_Btn_LBViewController.xib */; };
		F69970DD25775E5B0082C250 /* TF_Btn_LBViewController.xib in Resources */ = {isa = PBXBuildFile; fileRef = F69970D825775E5B0082C250 /* TF_Btn_LBViewController.xib */; };
		F69970DE25775E5B0082C250 /* TF_Btn_LBViewController.xib in Resources */ = {isa = PBXBuildFile; fileRef = F69970D825775E5B0082C250 /* TF_Btn_LBViewController.xib */; };
/* End PBXBuildFile section */

/* Begin PBXContainerItemProxy section */
		F699707A257759E30082C250 /* PBXContainerItemProxy */ = {
			isa = PBXContainerItemProxy;
			containerPortal = F699705B257759E10082C250 /* Project object */;
			proxyType = 1;
			remoteGlobalIDString = F6997062257759E10082C250;
			remoteInfo = RxPractice;
		};
		F6997085257759E30082C250 /* PBXContainerItemProxy */ = {
			isa = PBXContainerItemProxy;
			containerPortal = F699705B257759E10082C250 /* Project object */;
			proxyType = 1;
			remoteGlobalIDString = F6997062257759E10082C250;
			remoteInfo = RxPractice;
		};
/* End PBXContainerItemProxy section */

/* Begin PBXFileReference section */
		20DEF8580E0B0E83521BB8CC /* Pods_RxPractice_RxPracticeUITests.framework */ = {isa = PBXFileReference; explicitFileType = wrapper.framework; includeInIndex = 0; path = Pods_RxPractice_RxPracticeUITests.framework; sourceTree = BUILT_PRODUCTS_DIR; };
		4A05C3BBEDA5F3C0B0F17294 /* Pods-RxPractice.debug.xcconfig */ = {isa = PBXFileReference; includeInIndex = 1; lastKnownFileType = text.xcconfig; name = "Pods-RxPractice.debug.xcconfig"; path = "Target Support Files/Pods-RxPractice/Pods-RxPractice.debug.xcconfig"; sourceTree = "<group>"; };
		7688534B635B67E3E56B38A7 /* Pods_RxPracticeTests.framework */ = {isa = PBXFileReference; explicitFileType = wrapper.framework; includeInIndex = 0; path = Pods_RxPracticeTests.framework; sourceTree = BUILT_PRODUCTS_DIR; };
		A11CE9BE062E851C4A235008 /* Pods-RxPracticeTests.release.xcconfig */ = {isa = PBXFileReference; includeInIndex = 1; lastKnownFileType = text.xcconfig; name = "Pods-RxPracticeTests.release.xcconfig"; path = "Target Support Files/Pods-RxPracticeTests/Pods-RxPracticeTests.release.xcconfig"; sourceTree = "<group>"; };
		AD51EA53AED2A1DC00D11882 /* Pods-RxPractice-RxPracticeUITests.release.xcconfig */ = {isa = PBXFileReference; includeInIndex = 1; lastKnownFileType = text.xcconfig; name = "Pods-RxPractice-RxPracticeUITests.release.xcconfig"; path = "Target Support Files/Pods-RxPractice-RxPracticeUITests/Pods-RxPractice-RxPracticeUITests.release.xcconfig"; sourceTree = "<group>"; };
		CC798E660DB18C45F8ADE5AC /* Pods-RxPractice.release.xcconfig */ = {isa = PBXFileReference; includeInIndex = 1; lastKnownFileType = text.xcconfig; name = "Pods-RxPractice.release.xcconfig"; path = "Target Support Files/Pods-RxPractice/Pods-RxPractice.release.xcconfig"; sourceTree = "<group>"; };
		CEA53FF7C027DF749AB2D2A0 /* Pods-RxPracticeTests.debug.xcconfig */ = {isa = PBXFileReference; includeInIndex = 1; lastKnownFileType = text.xcconfig; name = "Pods-RxPracticeTests.debug.xcconfig"; path = "Target Support Files/Pods-RxPracticeTests/Pods-RxPracticeTests.debug.xcconfig"; sourceTree = "<group>"; };
		D5B532CB334A53B3D42B0F97 /* Pods-RxPractice-RxPracticeUITests.debug.xcconfig */ = {isa = PBXFileReference; includeInIndex = 1; lastKnownFileType = text.xcconfig; name = "Pods-RxPractice-RxPracticeUITests.debug.xcconfig"; path = "Target Support Files/Pods-RxPractice-RxPracticeUITests/Pods-RxPractice-RxPracticeUITests.debug.xcconfig"; sourceTree = "<group>"; };
		D669F2139D7288E3E2338488 /* Pods_RxPractice.framework */ = {isa = PBXFileReference; explicitFileType = wrapper.framework; includeInIndex = 0; path = Pods_RxPractice.framework; sourceTree = BUILT_PRODUCTS_DIR; };
		F6997063257759E10082C250 /* RxPractice.app */ = {isa = PBXFileReference; explicitFileType = wrapper.application; includeInIndex = 0; path = RxPractice.app; sourceTree = BUILT_PRODUCTS_DIR; };
		F6997066257759E10082C250 /* AppDelegate.swift */ = {isa = PBXFileReference; lastKnownFileType = sourcecode.swift; path = AppDelegate.swift; sourceTree = "<group>"; };
		F6997068257759E10082C250 /* SceneDelegate.swift */ = {isa = PBXFileReference; lastKnownFileType = sourcecode.swift; path = SceneDelegate.swift; sourceTree = "<group>"; };
		F699706A257759E10082C250 /* ViewController.swift */ = {isa = PBXFileReference; lastKnownFileType = sourcecode.swift; path = ViewController.swift; sourceTree = "<group>"; };
		F699706D257759E10082C250 /* Base */ = {isa = PBXFileReference; lastKnownFileType = file.storyboard; name = Base; path = Base.lproj/Main.storyboard; sourceTree = "<group>"; };
		F699706F257759E20082C250 /* Assets.xcassets */ = {isa = PBXFileReference; lastKnownFileType = folder.assetcatalog; path = Assets.xcassets; sourceTree = "<group>"; };
		F6997072257759E20082C250 /* Base */ = {isa = PBXFileReference; lastKnownFileType = file.storyboard; name = Base; path = Base.lproj/LaunchScreen.storyboard; sourceTree = "<group>"; };
		F6997074257759E20082C250 /* Info.plist */ = {isa = PBXFileReference; lastKnownFileType = text.plist.xml; path = Info.plist; sourceTree = "<group>"; };
		F6997079257759E30082C250 /* RxPracticeTests.xctest */ = {isa = PBXFileReference; explicitFileType = wrapper.cfbundle; includeInIndex = 0; path = RxPracticeTests.xctest; sourceTree = BUILT_PRODUCTS_DIR; };
		F699707D257759E30082C250 /* RxPracticeTests.swift */ = {isa = PBXFileReference; lastKnownFileType = sourcecode.swift; path = RxPracticeTests.swift; sourceTree = "<group>"; };
		F699707F257759E30082C250 /* Info.plist */ = {isa = PBXFileReference; lastKnownFileType = text.plist.xml; path = Info.plist; sourceTree = "<group>"; };
		F6997084257759E30082C250 /* RxPracticeUITests.xctest */ = {isa = PBXFileReference; explicitFileType = wrapper.cfbundle; includeInIndex = 0; path = RxPracticeUITests.xctest; sourceTree = BUILT_PRODUCTS_DIR; };
		F6997088257759E30082C250 /* RxPracticeUITests.swift */ = {isa = PBXFileReference; lastKnownFileType = sourcecode.swift; path = RxPracticeUITests.swift; sourceTree = "<group>"; };
		F699708A257759E30082C250 /* Info.plist */ = {isa = PBXFileReference; lastKnownFileType = text.plist.xml; path = Info.plist; sourceTree = "<group>"; };
		F69970BF25775C3E0082C250 /* TF_ButtonView.swift */ = {isa = PBXFileReference; lastKnownFileType = sourcecode.swift; path = TF_ButtonView.swift; sourceTree = "<group>"; };
		F69970C925775C500082C250 /* TF_ButtonView.xib */ = {isa = PBXFileReference; lastKnownFileType = file.xib; path = TF_ButtonView.xib; sourceTree = "<group>"; };
		F69970D025775C670082C250 /* NibLoadable.swift */ = {isa = PBXFileReference; lastKnownFileType = sourcecode.swift; path = NibLoadable.swift; sourceTree = "<group>"; };
		F69970D725775E5B0082C250 /* TF_Btn_LBViewController.swift */ = {isa = PBXFileReference; lastKnownFileType = sourcecode.swift; path = TF_Btn_LBViewController.swift; sourceTree = "<group>"; };
		F69970D825775E5B0082C250 /* TF_Btn_LBViewController.xib */ = {isa = PBXFileReference; lastKnownFileType = file.xib; path = TF_Btn_LBViewController.xib; sourceTree = "<group>"; };
/* End PBXFileReference section */

/* Begin PBXFrameworksBuildPhase section */
		F6997060257759E10082C250 /* Frameworks */ = {
			isa = PBXFrameworksBuildPhase;
			buildActionMask = 2147483647;
			files = (
				BB7BA84A152925E9916D644C /* Pods_RxPractice.framework in Frameworks */,
			);
			runOnlyForDeploymentPostprocessing = 0;
		};
		F6997076257759E30082C250 /* Frameworks */ = {
			isa = PBXFrameworksBuildPhase;
			buildActionMask = 2147483647;
			files = (
				769F15FED8B434733FADAD64 /* Pods_RxPracticeTests.framework in Frameworks */,
			);
			runOnlyForDeploymentPostprocessing = 0;
		};
		F6997081257759E30082C250 /* Frameworks */ = {
			isa = PBXFrameworksBuildPhase;
			buildActionMask = 2147483647;
			files = (
				369794DA2E32C6D3227E72CA /* Pods_RxPractice_RxPracticeUITests.framework in Frameworks */,
			);
			runOnlyForDeploymentPostprocessing = 0;
		};
/* End PBXFrameworksBuildPhase section */

/* Begin PBXGroup section */
		2225B9179CDBFA9D9CB64CDA /* Frameworks */ = {
			isa = PBXGroup;
			children = (
				D669F2139D7288E3E2338488 /* Pods_RxPractice.framework */,
				20DEF8580E0B0E83521BB8CC /* Pods_RxPractice_RxPracticeUITests.framework */,
				7688534B635B67E3E56B38A7 /* Pods_RxPracticeTests.framework */,
			);
			name = Frameworks;
			sourceTree = "<group>";
		};
		79D6AB853091C09A637B4CC7 /* Pods */ = {
			isa = PBXGroup;
			children = (
				4A05C3BBEDA5F3C0B0F17294 /* Pods-RxPractice.debug.xcconfig */,
				CC798E660DB18C45F8ADE5AC /* Pods-RxPractice.release.xcconfig */,
				D5B532CB334A53B3D42B0F97 /* Pods-RxPractice-RxPracticeUITests.debug.xcconfig */,
				AD51EA53AED2A1DC00D11882 /* Pods-RxPractice-RxPracticeUITests.release.xcconfig */,
				CEA53FF7C027DF749AB2D2A0 /* Pods-RxPracticeTests.debug.xcconfig */,
				A11CE9BE062E851C4A235008 /* Pods-RxPracticeTests.release.xcconfig */,
			);
			path = Pods;
			sourceTree = "<group>";
		};
		F699705A257759E10082C250 = {
			isa = PBXGroup;
			children = (
				F6997065257759E10082C250 /* RxPractice */,
				F699707C257759E30082C250 /* RxPracticeTests */,
				F6997087257759E30082C250 /* RxPracticeUITests */,
				F6997064257759E10082C250 /* Products */,
				79D6AB853091C09A637B4CC7 /* Pods */,
				2225B9179CDBFA9D9CB64CDA /* Frameworks */,
			);
			sourceTree = "<group>";
		};
		F6997064257759E10082C250 /* Products */ = {
			isa = PBXGroup;
			children = (
				F6997063257759E10082C250 /* RxPractice.app */,
				F6997079257759E30082C250 /* RxPracticeTests.xctest */,
				F6997084257759E30082C250 /* RxPracticeUITests.xctest */,
			);
			name = Products;
			sourceTree = "<group>";
		};
		F6997065257759E10082C250 /* RxPractice */ = {
			isa = PBXGroup;
			children = (
				F6997066257759E10082C250 /* AppDelegate.swift */,
				F6997068257759E10082C250 /* SceneDelegate.swift */,
				F69970BB25775BEC0082C250 /* Extension */,
				F69970BC25775BF50082C250 /* TextField */,
				F699706A257759E10082C250 /* ViewController.swift */,
				F699706C257759E10082C250 /* Main.storyboard */,
				F699706F257759E20082C250 /* Assets.xcassets */,
				F6997071257759E20082C250 /* LaunchScreen.storyboard */,
				F6997074257759E20082C250 /* Info.plist */,
			);
			path = RxPractice;
			sourceTree = "<group>";
		};
		F699707C257759E30082C250 /* RxPracticeTests */ = {
			isa = PBXGroup;
			children = (
				F699707D257759E30082C250 /* RxPracticeTests.swift */,
				F699707F257759E30082C250 /* Info.plist */,
			);
			path = RxPracticeTests;
			sourceTree = "<group>";
		};
		F6997087257759E30082C250 /* RxPracticeUITests */ = {
			isa = PBXGroup;
			children = (
				F6997088257759E30082C250 /* RxPracticeUITests.swift */,
				F699708A257759E30082C250 /* Info.plist */,
			);
			path = RxPracticeUITests;
			sourceTree = "<group>";
		};
		F69970BB25775BEC0082C250 /* Extension */ = {
			isa = PBXGroup;
			children = (
				F69970D025775C670082C250 /* NibLoadable.swift */,
			);
			path = Extension;
			sourceTree = "<group>";
		};
		F69970BC25775BF50082C250 /* TextField */ = {
			isa = PBXGroup;
			children = (
				F69970BD25775C040082C250 /* View */,
				F69970BE25775C0D0082C250 /* ViewController */,
			);
			path = TextField;
			sourceTree = "<group>";
		};
		F69970BD25775C040082C250 /* View */ = {
			isa = PBXGroup;
			children = (
				F69970BF25775C3E0082C250 /* TF_ButtonView.swift */,
				F69970C925775C500082C250 /* TF_ButtonView.xib */,
			);
			path = View;
			sourceTree = "<group>";
		};
		F69970BE25775C0D0082C250 /* ViewController */ = {
			isa = PBXGroup;
			children = (
				F69970D725775E5B0082C250 /* TF_Btn_LBViewController.swift */,
				F69970D825775E5B0082C250 /* TF_Btn_LBViewController.xib */,
			);
			path = ViewController;
			sourceTree = "<group>";
		};
/* End PBXGroup section */

/* Begin PBXNativeTarget section */
		F6997062257759E10082C250 /* RxPractice */ = {
			isa = PBXNativeTarget;
			buildConfigurationList = F699708D257759E30082C250 /* Build configuration list for PBXNativeTarget "RxPractice" */;
			buildPhases = (
				835514960C5FB4A8D46AD204 /* [CP] Check Pods Manifest.lock */,
				F699705F257759E10082C250 /* Sources */,
				F6997060257759E10082C250 /* Frameworks */,
				F6997061257759E10082C250 /* Resources */,
				2FD23492DEFD474D43E4C0A4 /* [CP] Embed Pods Frameworks */,
			);
			buildRules = (
			);
			dependencies = (
			);
			name = RxPractice;
			productName = RxPractice;
			productReference = F6997063257759E10082C250 /* RxPractice.app */;
			productType = "com.apple.product-type.application";
		};
		F6997078257759E30082C250 /* RxPracticeTests */ = {
			isa = PBXNativeTarget;
			buildConfigurationList = F6997090257759E30082C250 /* Build configuration list for PBXNativeTarget "RxPracticeTests" */;
			buildPhases = (
				E66C49859D565DEC790257F8 /* [CP] Check Pods Manifest.lock */,
				F6997075257759E30082C250 /* Sources */,
				F6997076257759E30082C250 /* Frameworks */,
				F6997077257759E30082C250 /* Resources */,
			);
			buildRules = (
			);
			dependencies = (
				F699707B257759E30082C250 /* PBXTargetDependency */,
			);
			name = RxPracticeTests;
			productName = RxPracticeTests;
			productReference = F6997079257759E30082C250 /* RxPracticeTests.xctest */;
			productType = "com.apple.product-type.bundle.unit-test";
		};
		F6997083257759E30082C250 /* RxPracticeUITests */ = {
			isa = PBXNativeTarget;
			buildConfigurationList = F6997093257759E30082C250 /* Build configuration list for PBXNativeTarget "RxPracticeUITests" */;
			buildPhases = (
				922BDC21B39B7EEEB731E1C7 /* [CP] Check Pods Manifest.lock */,
				F6997080257759E30082C250 /* Sources */,
				F6997081257759E30082C250 /* Frameworks */,
				F6997082257759E30082C250 /* Resources */,
				A2F82277FCF56EC3D3142736 /* [CP] Embed Pods Frameworks */,
			);
			buildRules = (
			);
			dependencies = (
				F6997086257759E30082C250 /* PBXTargetDependency */,
			);
			name = RxPracticeUITests;
			productName = RxPracticeUITests;
			productReference = F6997084257759E30082C250 /* RxPracticeUITests.xctest */;
			productType = "com.apple.product-type.bundle.ui-testing";
		};
/* End PBXNativeTarget section */

/* Begin PBXProject section */
		F699705B257759E10082C250 /* Project object */ = {
			isa = PBXProject;
			attributes = {
				LastSwiftUpdateCheck = 1220;
				LastUpgradeCheck = 1220;
				TargetAttributes = {
					F6997062257759E10082C250 = {
						CreatedOnToolsVersion = 12.2;
					};
					F6997078257759E30082C250 = {
						CreatedOnToolsVersion = 12.2;
						TestTargetID = F6997062257759E10082C250;
					};
					F6997083257759E30082C250 = {
						CreatedOnToolsVersion = 12.2;
						TestTargetID = F6997062257759E10082C250;
					};
				};
			};
			buildConfigurationList = F699705E257759E10082C250 /* Build configuration list for PBXProject "RxPractice" */;
			compatibilityVersion = "Xcode 9.3";
			developmentRegion = en;
			hasScannedForEncodings = 0;
			knownRegions = (
				en,
				Base,
			);
			mainGroup = F699705A257759E10082C250;
			productRefGroup = F6997064257759E10082C250 /* Products */;
			projectDirPath = "";
			projectRoot = "";
			targets = (
				F6997062257759E10082C250 /* RxPractice */,
				F6997078257759E30082C250 /* RxPracticeTests */,
				F6997083257759E30082C250 /* RxPracticeUITests */,
			);
		};
/* End PBXProject section */

/* Begin PBXResourcesBuildPhase section */
		F6997061257759E10082C250 /* Resources */ = {
			isa = PBXResourcesBuildPhase;
			buildActionMask = 2147483647;
			files = (
				F69970DC25775E5B0082C250 /* TF_Btn_LBViewController.xib in Resources */,
				F6997073257759E20082C250 /* LaunchScreen.storyboard in Resources */,
				F6997070257759E20082C250 /* Assets.xcassets in Resources */,
				F69970CA25775C500082C250 /* TF_ButtonView.xib in Resources */,
				F699706E257759E10082C250 /* Main.storyboard in Resources */,
			);
			runOnlyForDeploymentPostprocessing = 0;
		};
		F6997077257759E30082C250 /* Resources */ = {
			isa = PBXResourcesBuildPhase;
			buildActionMask = 2147483647;
			files = (
				F69970CB25775C500082C250 /* TF_ButtonView.xib in Resources */,
				F69970DD25775E5B0082C250 /* TF_Btn_LBViewController.xib in Resources */,
			);
			runOnlyForDeploymentPostprocessing = 0;
		};
		F6997082257759E30082C250 /* Resources */ = {
			isa = PBXResourcesBuildPhase;
			buildActionMask = 2147483647;
			files = (
				F69970CC25775C500082C250 /* TF_ButtonView.xib in Resources */,
				F69970DE25775E5B0082C250 /* TF_Btn_LBViewController.xib in Resources */,
			);
			runOnlyForDeploymentPostprocessing = 0;
		};
/* End PBXResourcesBuildPhase section */

/* Begin PBXShellScriptBuildPhase section */
		2FD23492DEFD474D43E4C0A4 /* [CP] Embed Pods Frameworks */ = {
			isa = PBXShellScriptBuildPhase;
			buildActionMask = 2147483647;
			files = (
			);
			inputFileListPaths = (
				"${PODS_ROOT}/Target Support Files/Pods-RxPractice/Pods-RxPractice-frameworks-${CONFIGURATION}-input-files.xcfilelist",
			);
			name = "[CP] Embed Pods Frameworks";
			outputFileListPaths = (
				"${PODS_ROOT}/Target Support Files/Pods-RxPractice/Pods-RxPractice-frameworks-${CONFIGURATION}-output-files.xcfilelist",
			);
			runOnlyForDeploymentPostprocessing = 0;
			shellPath = /bin/sh;
			shellScript = "\"${PODS_ROOT}/Target Support Files/Pods-RxPractice/Pods-RxPractice-frameworks.sh\"\n";
			showEnvVarsInLog = 0;
		};
		835514960C5FB4A8D46AD204 /* [CP] Check Pods Manifest.lock */ = {
			isa = PBXShellScriptBuildPhase;
			buildActionMask = 2147483647;
			files = (
			);
			inputFileListPaths = (
			);
			inputPaths = (
				"${PODS_PODFILE_DIR_PATH}/Podfile.lock",
				"${PODS_ROOT}/Manifest.lock",
			);
			name = "[CP] Check Pods Manifest.lock";
			outputFileListPaths = (
			);
			outputPaths = (
				"$(DERIVED_FILE_DIR)/Pods-RxPractice-checkManifestLockResult.txt",
			);
			runOnlyForDeploymentPostprocessing = 0;
			shellPath = /bin/sh;
			shellScript = "diff \"${PODS_PODFILE_DIR_PATH}/Podfile.lock\" \"${PODS_ROOT}/Manifest.lock\" > /dev/null\nif [ $? != 0 ] ; then\n    # print error to STDERR\n    echo \"error: The sandbox is not in sync with the Podfile.lock. Run 'pod install' or update your CocoaPods installation.\" >&2\n    exit 1\nfi\n# This output is used by Xcode 'outputs' to avoid re-running this script phase.\necho \"SUCCESS\" > \"${SCRIPT_OUTPUT_FILE_0}\"\n";
			showEnvVarsInLog = 0;
		};
		922BDC21B39B7EEEB731E1C7 /* [CP] Check Pods Manifest.lock */ = {
			isa = PBXShellScriptBuildPhase;
			buildActionMask = 2147483647;
			files = (
			);
			inputFileListPaths = (
			);
			inputPaths = (
				"${PODS_PODFILE_DIR_PATH}/Podfile.lock",
				"${PODS_ROOT}/Manifest.lock",
			);
			name = "[CP] Check Pods Manifest.lock";
			outputFileListPaths = (
			);
			outputPaths = (
				"$(DERIVED_FILE_DIR)/Pods-RxPractice-RxPracticeUITests-checkManifestLockResult.txt",
			);
			runOnlyForDeploymentPostprocessing = 0;
			shellPath = /bin/sh;
			shellScript = "diff \"${PODS_PODFILE_DIR_PATH}/Podfile.lock\" \"${PODS_ROOT}/Manifest.lock\" > /dev/null\nif [ $? != 0 ] ; then\n    # print error to STDERR\n    echo \"error: The sandbox is not in sync with the Podfile.lock. Run 'pod install' or update your CocoaPods installation.\" >&2\n    exit 1\nfi\n# This output is used by Xcode 'outputs' to avoid re-running this script phase.\necho \"SUCCESS\" > \"${SCRIPT_OUTPUT_FILE_0}\"\n";
			showEnvVarsInLog = 0;
		};
		A2F82277FCF56EC3D3142736 /* [CP] Embed Pods Frameworks */ = {
			isa = PBXShellScriptBuildPhase;
			buildActionMask = 2147483647;
			files = (
			);
			inputFileListPaths = (
				"${PODS_ROOT}/Target Support Files/Pods-RxPractice-RxPracticeUITests/Pods-RxPractice-RxPracticeUITests-frameworks-${CONFIGURATION}-input-files.xcfilelist",
			);
			name = "[CP] Embed Pods Frameworks";
			outputFileListPaths = (
				"${PODS_ROOT}/Target Support Files/Pods-RxPractice-RxPracticeUITests/Pods-RxPractice-RxPracticeUITests-frameworks-${CONFIGURATION}-output-files.xcfilelist",
			);
			runOnlyForDeploymentPostprocessing = 0;
			shellPath = /bin/sh;
			shellScript = "\"${PODS_ROOT}/Target Support Files/Pods-RxPractice-RxPracticeUITests/Pods-RxPractice-RxPracticeUITests-frameworks.sh\"\n";
			showEnvVarsInLog = 0;
		};
		E66C49859D565DEC790257F8 /* [CP] Check Pods Manifest.lock */ = {
			isa = PBXShellScriptBuildPhase;
			buildActionMask = 2147483647;
			files = (
			);
			inputFileListPaths = (
			);
			inputPaths = (
				"${PODS_PODFILE_DIR_PATH}/Podfile.lock",
				"${PODS_ROOT}/Manifest.lock",
			);
			name = "[CP] Check Pods Manifest.lock";
			outputFileListPaths = (
			);
			outputPaths = (
				"$(DERIVED_FILE_DIR)/Pods-RxPracticeTests-checkManifestLockResult.txt",
			);
			runOnlyForDeploymentPostprocessing = 0;
			shellPath = /bin/sh;
			shellScript = "diff \"${PODS_PODFILE_DIR_PATH}/Podfile.lock\" \"${PODS_ROOT}/Manifest.lock\" > /dev/null\nif [ $? != 0 ] ; then\n    # print error to STDERR\n    echo \"error: The sandbox is not in sync with the Podfile.lock. Run 'pod install' or update your CocoaPods installation.\" >&2\n    exit 1\nfi\n# This output is used by Xcode 'outputs' to avoid re-running this script phase.\necho \"SUCCESS\" > \"${SCRIPT_OUTPUT_FILE_0}\"\n";
			showEnvVarsInLog = 0;
		};
/* End PBXShellScriptBuildPhase section */

/* Begin PBXSourcesBuildPhase section */
		F699705F257759E10082C250 /* Sources */ = {
			isa = PBXSourcesBuildPhase;
			buildActionMask = 2147483647;
			files = (
				F699706B257759E10082C250 /* ViewController.swift in Sources */,
				F69970D925775E5B0082C250 /* TF_Btn_LBViewController.swift in Sources */,
				F6997067257759E10082C250 /* AppDelegate.swift in Sources */,
				F69970C025775C3E0082C250 /* TF_ButtonView.swift in Sources */,
				F69970D125775C670082C250 /* NibLoadable.swift in Sources */,
				F6997069257759E10082C250 /* SceneDelegate.swift in Sources */,
			);
			runOnlyForDeploymentPostprocessing = 0;
		};
		F6997075257759E30082C250 /* Sources */ = {
			isa = PBXSourcesBuildPhase;
			buildActionMask = 2147483647;
			files = (
				F69970D225775C670082C250 /* NibLoadable.swift in Sources */,
				F69970DA25775E5B0082C250 /* TF_Btn_LBViewController.swift in Sources */,
				F69970C125775C3E0082C250 /* TF_ButtonView.swift in Sources */,
				F699707E257759E30082C250 /* RxPracticeTests.swift in Sources */,
			);
			runOnlyForDeploymentPostprocessing = 0;
		};
		F6997080257759E30082C250 /* Sources */ = {
			isa = PBXSourcesBuildPhase;
			buildActionMask = 2147483647;
			files = (
				F69970D325775C670082C250 /* NibLoadable.swift in Sources */,
				F69970DB25775E5B0082C250 /* TF_Btn_LBViewController.swift in Sources */,
				F69970C225775C3E0082C250 /* TF_ButtonView.swift in Sources */,
				F6997089257759E30082C250 /* RxPracticeUITests.swift in Sources */,
			);
			runOnlyForDeploymentPostprocessing = 0;
		};
/* End PBXSourcesBuildPhase section */

/* Begin PBXTargetDependency section */
		F699707B257759E30082C250 /* PBXTargetDependency */ = {
			isa = PBXTargetDependency;
			target = F6997062257759E10082C250 /* RxPractice */;
			targetProxy = F699707A257759E30082C250 /* PBXContainerItemProxy */;
		};
		F6997086257759E30082C250 /* PBXTargetDependency */ = {
			isa = PBXTargetDependency;
			target = F6997062257759E10082C250 /* RxPractice */;
			targetProxy = F6997085257759E30082C250 /* PBXContainerItemProxy */;
		};
/* End PBXTargetDependency section */

/* Begin PBXVariantGroup section */
		F699706C257759E10082C250 /* Main.storyboard */ = {
			isa = PBXVariantGroup;
			children = (
				F699706D257759E10082C250 /* Base */,
			);
			name = Main.storyboard;
			sourceTree = "<group>";
		};
		F6997071257759E20082C250 /* LaunchScreen.storyboard */ = {
			isa = PBXVariantGroup;
			children = (
				F6997072257759E20082C250 /* Base */,
			);
			name = LaunchScreen.storyboard;
			sourceTree = "<group>";
		};
/* End PBXVariantGroup section */

/* Begin XCBuildConfiguration section */
		F699708B257759E30082C250 /* Debug */ = {
			isa = XCBuildConfiguration;
			buildSettings = {
				ALWAYS_SEARCH_USER_PATHS = NO;
				CLANG_ANALYZER_NONNULL = YES;
				CLANG_ANALYZER_NUMBER_OBJECT_CONVERSION = YES_AGGRESSIVE;
				CLANG_CXX_LANGUAGE_STANDARD = "gnu++14";
				CLANG_CXX_LIBRARY = "libc++";
				CLANG_ENABLE_MODULES = YES;
				CLANG_ENABLE_OBJC_ARC = YES;
				CLANG_ENABLE_OBJC_WEAK = YES;
				CLANG_WARN_BLOCK_CAPTURE_AUTORELEASING = YES;
				CLANG_WARN_BOOL_CONVERSION = YES;
				CLANG_WARN_COMMA = YES;
				CLANG_WARN_CONSTANT_CONVERSION = YES;
				CLANG_WARN_DEPRECATED_OBJC_IMPLEMENTATIONS = YES;
				CLANG_WARN_DIRECT_OBJC_ISA_USAGE = YES_ERROR;
				CLANG_WARN_DOCUMENTATION_COMMENTS = YES;
				CLANG_WARN_EMPTY_BODY = YES;
				CLANG_WARN_ENUM_CONVERSION = YES;
				CLANG_WARN_INFINITE_RECURSION = YES;
				CLANG_WARN_INT_CONVERSION = YES;
				CLANG_WARN_NON_LITERAL_NULL_CONVERSION = YES;
				CLANG_WARN_OBJC_IMPLICIT_RETAIN_SELF = YES;
				CLANG_WARN_OBJC_LITERAL_CONVERSION = YES;
				CLANG_WARN_OBJC_ROOT_CLASS = YES_ERROR;
				CLANG_WARN_QUOTED_INCLUDE_IN_FRAMEWORK_HEADER = YES;
				CLANG_WARN_RANGE_LOOP_ANALYSIS = YES;
				CLANG_WARN_STRICT_PROTOTYPES = YES;
				CLANG_WARN_SUSPICIOUS_MOVE = YES;
				CLANG_WARN_UNGUARDED_AVAILABILITY = YES_AGGRESSIVE;
				CLANG_WARN_UNREACHABLE_CODE = YES;
				CLANG_WARN__DUPLICATE_METHOD_MATCH = YES;
				COPY_PHASE_STRIP = NO;
				DEBUG_INFORMATION_FORMAT = dwarf;
				ENABLE_STRICT_OBJC_MSGSEND = YES;
				ENABLE_TESTABILITY = YES;
				GCC_C_LANGUAGE_STANDARD = gnu11;
				GCC_DYNAMIC_NO_PIC = NO;
				GCC_NO_COMMON_BLOCKS = YES;
				GCC_OPTIMIZATION_LEVEL = 0;
				GCC_PREPROCESSOR_DEFINITIONS = (
					"DEBUG=1",
					"$(inherited)",
				);
				GCC_WARN_64_TO_32_BIT_CONVERSION = YES;
				GCC_WARN_ABOUT_RETURN_TYPE = YES_ERROR;
				GCC_WARN_UNDECLARED_SELECTOR = YES;
				GCC_WARN_UNINITIALIZED_AUTOS = YES_AGGRESSIVE;
				GCC_WARN_UNUSED_FUNCTION = YES;
				GCC_WARN_UNUSED_VARIABLE = YES;
				IPHONEOS_DEPLOYMENT_TARGET = 14.2;
				MTL_ENABLE_DEBUG_INFO = INCLUDE_SOURCE;
				MTL_FAST_MATH = YES;
				ONLY_ACTIVE_ARCH = YES;
				SDKROOT = iphoneos;
				SWIFT_ACTIVE_COMPILATION_CONDITIONS = DEBUG;
				SWIFT_OPTIMIZATION_LEVEL = "-Onone";
			};
			name = Debug;
		};
		F699708C257759E30082C250 /* Release */ = {
			isa = XCBuildConfiguration;
			buildSettings = {
				ALWAYS_SEARCH_USER_PATHS = NO;
				CLANG_ANALYZER_NONNULL = YES;
				CLANG_ANALYZER_NUMBER_OBJECT_CONVERSION = YES_AGGRESSIVE;
				CLANG_CXX_LANGUAGE_STANDARD = "gnu++14";
				CLANG_CXX_LIBRARY = "libc++";
				CLANG_ENABLE_MODULES = YES;
				CLANG_ENABLE_OBJC_ARC = YES;
				CLANG_ENABLE_OBJC_WEAK = YES;
				CLANG_WARN_BLOCK_CAPTURE_AUTORELEASING = YES;
				CLANG_WARN_BOOL_CONVERSION = YES;
				CLANG_WARN_COMMA = YES;
				CLANG_WARN_CONSTANT_CONVERSION = YES;
				CLANG_WARN_DEPRECATED_OBJC_IMPLEMENTATIONS = YES;
				CLANG_WARN_DIRECT_OBJC_ISA_USAGE = YES_ERROR;
				CLANG_WARN_DOCUMENTATION_COMMENTS = YES;
				CLANG_WARN_EMPTY_BODY = YES;
				CLANG_WARN_ENUM_CONVERSION = YES;
				CLANG_WARN_INFINITE_RECURSION = YES;
				CLANG_WARN_INT_CONVERSION = YES;
				CLANG_WARN_NON_LITERAL_NULL_CONVERSION = YES;
				CLANG_WARN_OBJC_IMPLICIT_RETAIN_SELF = YES;
				CLANG_WARN_OBJC_LITERAL_CONVERSION = YES;
				CLANG_WARN_OBJC_ROOT_CLASS = YES_ERROR;
				CLANG_WARN_QUOTED_INCLUDE_IN_FRAMEWORK_HEADER = YES;
				CLANG_WARN_RANGE_LOOP_ANALYSIS = YES;
				CLANG_WARN_STRICT_PROTOTYPES = YES;
				CLANG_WARN_SUSPICIOUS_MOVE = YES;
				CLANG_WARN_UNGUARDED_AVAILABILITY = YES_AGGRESSIVE;
				CLANG_WARN_UNREACHABLE_CODE = YES;
				CLANG_WARN__DUPLICATE_METHOD_MATCH = YES;
				COPY_PHASE_STRIP = NO;
				DEBUG_INFORMATION_FORMAT = "dwarf-with-dsym";
				ENABLE_NS_ASSERTIONS = NO;
				ENABLE_STRICT_OBJC_MSGSEND = YES;
				GCC_C_LANGUAGE_STANDARD = gnu11;
				GCC_NO_COMMON_BLOCKS = YES;
				GCC_WARN_64_TO_32_BIT_CONVERSION = YES;
				GCC_WARN_ABOUT_RETURN_TYPE = YES_ERROR;
				GCC_WARN_UNDECLARED_SELECTOR = YES;
				GCC_WARN_UNINITIALIZED_AUTOS = YES_AGGRESSIVE;
				GCC_WARN_UNUSED_FUNCTION = YES;
				GCC_WARN_UNUSED_VARIABLE = YES;
				IPHONEOS_DEPLOYMENT_TARGET = 14.2;
				MTL_ENABLE_DEBUG_INFO = NO;
				MTL_FAST_MATH = YES;
				SDKROOT = iphoneos;
				SWIFT_COMPILATION_MODE = wholemodule;
				SWIFT_OPTIMIZATION_LEVEL = "-O";
				VALIDATE_PRODUCT = YES;
			};
			name = Release;
		};
		F699708E257759E30082C250 /* Debug */ = {
			isa = XCBuildConfiguration;
			baseConfigurationReference = 4A05C3BBEDA5F3C0B0F17294 /* Pods-RxPractice.debug.xcconfig */;
			buildSettings = {
				ASSETCATALOG_COMPILER_APPICON_NAME = AppIcon;
				ASSETCATALOG_COMPILER_GLOBAL_ACCENT_COLOR_NAME = AccentColor;
				CODE_SIGN_STYLE = Automatic;
				DEVELOPMENT_TEAM = NG36RA472J;
				INFOPLIST_FILE = RxPractice/Info.plist;
				LD_RUNPATH_SEARCH_PATHS = (
					"$(inherited)",
					"@executable_path/Frameworks",
				);
				PRODUCT_BUNDLE_IDENTIFIER = ruidev.rx2020.RxPractice;
				PRODUCT_NAME = "$(TARGET_NAME)";
				SWIFT_VERSION = 5.0;
				TARGETED_DEVICE_FAMILY = "1,2";
			};
			name = Debug;
		};
		F699708F257759E30082C250 /* Release */ = {
			isa = XCBuildConfiguration;
			baseConfigurationReference = CC798E660DB18C45F8ADE5AC /* Pods-RxPractice.release.xcconfig */;
			buildSettings = {
				ASSETCATALOG_COMPILER_APPICON_NAME = AppIcon;
				ASSETCATALOG_COMPILER_GLOBAL_ACCENT_COLOR_NAME = AccentColor;
				CODE_SIGN_STYLE = Automatic;
				DEVELOPMENT_TEAM = NG36RA472J;
				INFOPLIST_FILE = RxPractice/Info.plist;
				LD_RUNPATH_SEARCH_PATHS = (
					"$(inherited)",
					"@executable_path/Frameworks",
				);
				PRODUCT_BUNDLE_IDENTIFIER = ruidev.rx2020.RxPractice;
				PRODUCT_NAME = "$(TARGET_NAME)";
				SWIFT_VERSION = 5.0;
				TARGETED_DEVICE_FAMILY = "1,2";
			};
			name = Release;
		};
		F6997091257759E30082C250 /* Debug */ = {
			isa = XCBuildConfiguration;
			baseConfigurationReference = CEA53FF7C027DF749AB2D2A0 /* Pods-RxPracticeTests.debug.xcconfig */;
			buildSettings = {
				ALWAYS_EMBED_SWIFT_STANDARD_LIBRARIES = YES;
				BUNDLE_LOADER = "$(TEST_HOST)";
				CODE_SIGN_STYLE = Automatic;
				DEVELOPMENT_TEAM = NG36RA472J;
				INFOPLIST_FILE = RxPracticeTests/Info.plist;
				IPHONEOS_DEPLOYMENT_TARGET = 14.2;
				LD_RUNPATH_SEARCH_PATHS = (
					"$(inherited)",
					"@executable_path/Frameworks",
					"@loader_path/Frameworks",
				);
				PRODUCT_BUNDLE_IDENTIFIER = ruidev.rx2020.RxPracticeTests;
				PRODUCT_NAME = "$(TARGET_NAME)";
				SWIFT_VERSION = 5.0;
				TARGETED_DEVICE_FAMILY = "1,2";
				TEST_HOST = "$(BUILT_PRODUCTS_DIR)/RxPractice.app/RxPractice";
			};
			name = Debug;
		};
		F6997092257759E30082C250 /* Release */ = {
			isa = XCBuildConfiguration;
			baseConfigurationReference = A11CE9BE062E851C4A235008 /* Pods-RxPracticeTests.release.xcconfig */;
			buildSettings = {
				ALWAYS_EMBED_SWIFT_STANDARD_LIBRARIES = YES;
				BUNDLE_LOADER = "$(TEST_HOST)";
				CODE_SIGN_STYLE = Automatic;
				DEVELOPMENT_TEAM = NG36RA472J;
				INFOPLIST_FILE = RxPracticeTests/Info.plist;
				IPHONEOS_DEPLOYMENT_TARGET = 14.2;
				LD_RUNPATH_SEARCH_PATHS = (
					"$(inherited)",
					"@executable_path/Frameworks",
					"@loader_path/Frameworks",
				);
				PRODUCT_BUNDLE_IDENTIFIER = ruidev.rx2020.RxPracticeTests;
				PRODUCT_NAME = "$(TARGET_NAME)";
				SWIFT_VERSION = 5.0;
				TARGETED_DEVICE_FAMILY = "1,2";
				TEST_HOST = "$(BUILT_PRODUCTS_DIR)/RxPractice.app/RxPractice";
			};
			name = Release;
		};
		F6997094257759E30082C250 /* Debug */ = {
			isa = XCBuildConfiguration;
			baseConfigurationReference = D5B532CB334A53B3D42B0F97 /* Pods-RxPractice-RxPracticeUITests.debug.xcconfig */;
			buildSettings = {
				ALWAYS_EMBED_SWIFT_STANDARD_LIBRARIES = YES;
				CODE_SIGN_STYLE = Automatic;
				DEVELOPMENT_TEAM = NG36RA472J;
				INFOPLIST_FILE = RxPracticeUITests/Info.plist;
				LD_RUNPATH_SEARCH_PATHS = (
					"$(inherited)",
					"@executable_path/Frameworks",
					"@loader_path/Frameworks",
				);
				PRODUCT_BUNDLE_IDENTIFIER = ruidev.rx2020.RxPracticeUITests;
				PRODUCT_NAME = "$(TARGET_NAME)";
				SWIFT_VERSION = 5.0;
				TARGETED_DEVICE_FAMILY = "1,2";
				TEST_TARGET_NAME = RxPractice;
			};
			name = Debug;
		};
		F6997095257759E30082C250 /* Release */ = {
			isa = XCBuildConfiguration;
			baseConfigurationReference = AD51EA53AED2A1DC00D11882 /* Pods-RxPractice-RxPracticeUITests.release.xcconfig */;
			buildSettings = {
				ALWAYS_EMBED_SWIFT_STANDARD_LIBRARIES = YES;
				CODE_SIGN_STYLE = Automatic;
				DEVELOPMENT_TEAM = NG36RA472J;
				INFOPLIST_FILE = RxPracticeUITests/Info.plist;
				LD_RUNPATH_SEARCH_PATHS = (
					"$(inherited)",
					"@executable_path/Frameworks",
					"@loader_path/Frameworks",
				);
				PRODUCT_BUNDLE_IDENTIFIER = ruidev.rx2020.RxPracticeUITests;
				PRODUCT_NAME = "$(TARGET_NAME)";
				SWIFT_VERSION = 5.0;
				TARGETED_DEVICE_FAMILY = "1,2";
				TEST_TARGET_NAME = RxPractice;
			};
			name = Release;
		};
/* End XCBuildConfiguration section */

/* Begin XCConfigurationList section */
		F699705E257759E10082C250 /* Build configuration list for PBXProject "RxPractice" */ = {
			isa = XCConfigurationList;
			buildConfigurations = (
				F699708B257759E30082C250 /* Debug */,
				F699708C257759E30082C250 /* Release */,
			);
			defaultConfigurationIsVisible = 0;
			defaultConfigurationName = Release;
		};
		F699708D257759E30082C250 /* Build configuration list for PBXNativeTarget "RxPractice" */ = {
			isa = XCConfigurationList;
			buildConfigurations = (
				F699708E257759E30082C250 /* Debug */,
				F699708F257759E30082C250 /* Release */,
			);
			defaultConfigurationIsVisible = 0;
			defaultConfigurationName = Release;
		};
		F6997090257759E30082C250 /* Build configuration list for PBXNativeTarget "RxPracticeTests" */ = {
			isa = XCConfigurationList;
			buildConfigurations = (
				F6997091257759E30082C250 /* Debug */,
				F6997092257759E30082C250 /* Release */,
			);
			defaultConfigurationIsVisible = 0;
			defaultConfigurationName = Release;
		};
		F6997093257759E30082C250 /* Build configuration list for PBXNativeTarget "RxPracticeUITests" */ = {
			isa = XCConfigurationList;
			buildConfigurations = (
				F6997094257759E30082C250 /* Debug */,
				F6997095257759E30082C250 /* Release */,
			);
			defaultConfigurationIsVisible = 0;
			defaultConfigurationName = Release;
		};
/* End XCConfigurationList section */
	};
	rootObject = F699705B257759E10082C250 /* Project object */;
}
